
Microsoft Visual Studio Solution File, Format Version 12.00
# Visual Studio Version 16
VisualStudioVersion = 16.0.30011.22
MinimumVisualStudioVersion = 10.0.40219.1
Project("{FAE04EC0-301F-11D3-BF4B-00C04F79EFBC}") = "UnityScriptTools", "UnityScriptTools\UnityScriptTools.csproj", "{FF5E0EF2-9539-450F-8946-2A3235E91D8B}"
EndProject
Global
	GlobalSection(SolutionConfigurationPlatforms) = preSolution
		Debug|Any CPU = Debug|Any CPU
		Release|Any CPU = Release|Any CPU
	EndGlobalSection
	GlobalSection(ProjectConfigurationPlatforms) = postSolution
		{FF5E0EF2-9539-450F-8946-2A3235E91D8B}.Debug|Any CPU.ActiveCfg = Debug|Any CPU
		{FF5E0EF2-9539-450F-8946-2A3235E91D8B}.Debug|Any CPU.Build.0 = Debug|Any CPU
		{FF5E0EF2-9539-450F-8946-2A3235E91D8B}.Release|Any CPU.ActiveCfg = Release|Any CPU
		{FF5E0EF2-9539-450F-8946-2A3235E91D8B}.Release|Any CPU.Build.0 = Release|Any CPU
	EndGlobalSection
	GlobalSection(SolutionProperties) = preSolution
		HideSolutionNode = FALSE
	EndGlobalSection
	GlobalSection(ExtensibilityGlobals) = postSolution
		SolutionGuid = {C6EF4772-579C-4367-B44C-8BE5EE9FB091}
	EndGlobalSection
EndGlobal
